# THIS IS AN AUTOGENERATED FILE. DO NOT EDIT THIS FILE DIRECTLY.
# yarn lockfile v1


"@types/resize-observer-browser@^0.1.6":
  version "0.1.11"
  resolved "https://registry.yarnpkg.com/@types/resize-observer-browser/-/resize-observer-browser-0.1.11.tgz#d3c98d788489d8376b7beac23863b1eebdd3c13c"
  integrity sha512-cNw5iH8JkMkb3QkCoe7DaZiawbDQEUX8t7iuQaRTyLOyQCR2h+ibBD4GJt7p5yhUHrlOeL7ZtbxNHeipqNsBzQ==

lodash@^4.17.21:
  version "4.17.21"
  resolved "https://registry.yarnpkg.com/lodash/-/lodash-4.17.21.tgz#679591c564c3bffaae8454cf0b3df370c3d6911c"
  integrity sha512-v2kDEe57lecTulaDIuNTPy3Ry4gLGJ6Z1O3vE1krgXZNrsQ+LFTGHVxVjcXPs17LhbZVGedAJv8XZ1tvj5FvSg==

react-resize-detector@^6.7.6:
  version "6.7.8"
  resolved "https://registry.yarnpkg.com/react-resize-detector/-/react-resize-detector-6.7.8.tgz#318c85d1335e50f99d4fb8eb9ec34e066db597d0"
  integrity sha512-0FaEcUBAbn+pq3PT5a9hHRebUfuS1SRLGLpIw8LydU7zX429I6XJgKerKAMPsJH0qWAl6o5bVKNqFJqr6tGPYw==
  dependencies:
    "@types/resize-observer-browser" "^0.1.6"
    lodash "^4.17.21"
    resize-observer-polyfill "^1.5.1"

react-super-tilemap@^0.0.2:
  version "0.0.2"
  resolved "https://registry.yarnpkg.com/react-super-tilemap/-/react-super-tilemap-0.0.2.tgz#df57dc6cac165e34df3daabcd79aaaa075cb13ca"
  integrity sha512-8YymTHpDS/pTOyfq/GSfZiw3X4ibknGqNU2RyTCi+6kOmgRX8bPAOQL1actJbqO9GJ0bQeiygTz+VHc0g/JeLA==
  dependencies:
    react-resize-detector "^6.7.6"

resize-observer-polyfill@^1.5.1:
  version "1.5.1"
  resolved "https://registry.yarnpkg.com/resize-observer-polyfill/-/resize-observer-polyfill-1.5.1.tgz#0e9020dd3d21024458d4ebd27e23e40269810464"
  integrity sha512-LwZrotdHOo12nQuZlHEmtuXdqGoOD0OhaxopaNFxWzInpEgaLWoVuAMbTzixuosCx2nEG58ngzW3vxdWoxIgdg==
