# THIS IS AN AUTOGENERATED FILE. DO NOT EDIT THIS FILE DIRECTLY.
# yarn lockfile v1


custom-env@^2.0.2:
  version "2.0.2"
  resolved "https://registry.yarnpkg.com/custom-env/-/custom-env-2.0.2.tgz#681907564f0ac506eb51875f33abfb770644ba87"
  integrity sha512-deuaipAA1Jhhjgma9z3A4cqO1kpWqXRxEmOMEDaIi6/u/HqRtchz1rb/Qju1PeSP7jS8EjPkJ6L1midhGkQo5Q==
  dependencies:
    dotenv "*"
    dotenv-expand "^5.0.0"

dotenv-expand@^5.0.0:
  version "5.1.0"
  resolved "https://registry.yarnpkg.com/dotenv-expand/-/dotenv-expand-5.1.0.tgz#3fbaf020bfd794884072ea26b1e9791d45a629f0"
  integrity sha512-YXQl1DSa4/PQyRfgrv6aoNjhasp/p4qs9FjJ4q4cQk+8m4r6k4ZSiEyytKG8f8W9gi8WsQtIObNmKd+tMzNTmA==

dotenv@*, dotenv@^16.4.5:
  version "16.4.5"
  resolved "https://registry.yarnpkg.com/dotenv/-/dotenv-16.4.5.tgz#cdd3b3b604cb327e286b4762e13502f717cb099f"
  integrity sha512-ZmdL2rui+eB2YwhsWzjInR8LldtZHGDoQ1ugH85ppHKwpUHL7j7rN0Ti9NCnGiQbhaZ11FpR+7ao1dNsmduNUg==
